
Microsoft Visual Studio Solution File, Format Version 12.00
# Visual Studio 15
VisualStudioVersion = 15.0.26730.3
MinimumVisualStudioVersion = 10.0.40219.1
Project("{FAE04EC0-301F-11D3-BF4B-00C04F79EFBC}") = "AgpromaWebAPI", "AgpromaWebAPI\AgpromaWebAPI.csproj", "{96089C77-21F9-42FF-95CF-81E9D6ACCF9E}"
EndProject
Project("{9A19103F-16F7-4668-BE54-9A1E7A4F7556}") = "AuthenticationAPI", "AuthenticationAPI\AuthenticationAPI.csproj", "{1A57FE17-19F6-4C3F-8837-B92EE1BEEFA2}"
EndProject
Project("{9A19103F-16F7-4668-BE54-9A1E7A4F7556}") = "UnitTestingAgProMa", "UnitTestingAgProMa\UnitTestingAgProMa.csproj", "{BBD27995-6242-42D6-BD6F-3D552FB994D6}"
EndProject
Global
	GlobalSection(SolutionConfigurationPlatforms) = preSolution
		Debug|Any CPU = Debug|Any CPU
		Release|Any CPU = Release|Any CPU
	EndGlobalSection
	GlobalSection(ProjectConfigurationPlatforms) = postSolution
		{96089C77-21F9-42FF-95CF-81E9D6ACCF9E}.Debug|Any CPU.ActiveCfg = Debug|Any CPU
		{96089C77-21F9-42FF-95CF-81E9D6ACCF9E}.Debug|Any CPU.Build.0 = Debug|Any CPU
		{96089C77-21F9-42FF-95CF-81E9D6ACCF9E}.Release|Any CPU.ActiveCfg = Release|Any CPU
		{96089C77-21F9-42FF-95CF-81E9D6ACCF9E}.Release|Any CPU.Build.0 = Release|Any CPU
		{1A57FE17-19F6-4C3F-8837-B92EE1BEEFA2}.Debug|Any CPU.ActiveCfg = Debug|Any CPU
		{1A57FE17-19F6-4C3F-8837-B92EE1BEEFA2}.Debug|Any CPU.Build.0 = Debug|Any CPU
		{1A57FE17-19F6-4C3F-8837-B92EE1BEEFA2}.Release|Any CPU.ActiveCfg = Release|Any CPU
		{1A57FE17-19F6-4C3F-8837-B92EE1BEEFA2}.Release|Any CPU.Build.0 = Release|Any CPU
		{BBD27995-6242-42D6-BD6F-3D552FB994D6}.Debug|Any CPU.ActiveCfg = Debug|Any CPU
		{BBD27995-6242-42D6-BD6F-3D552FB994D6}.Debug|Any CPU.Build.0 = Debug|Any CPU
		{BBD27995-6242-42D6-BD6F-3D552FB994D6}.Release|Any CPU.ActiveCfg = Release|Any CPU
		{BBD27995-6242-42D6-BD6F-3D552FB994D6}.Release|Any CPU.Build.0 = Release|Any CPU
	EndGlobalSection
	GlobalSection(SolutionProperties) = preSolution
		HideSolutionNode = FALSE
	EndGlobalSection
	GlobalSection(ExtensibilityGlobals) = postSolution
		SolutionGuid = {66BB134E-C743-4B71-8E6C-F5787CF70E57}
	EndGlobalSection
EndGlobal
